
Microsoft Visual Studio Solution File, Format Version 11.00
# Visual Studio 2010
Project("{FAE04EC0-301F-11D3-BF4B-00C04F79EFBC}") = "UnityEngine.UI", "UnityEngine.UI.csproj", "{81FF6F42-1764-8573-6F2E-B8A3F649C3CF}"
EndProject
Project("{FAE04EC0-301F-11D3-BF4B-00C04F79EFBC}") = "UnityEngine.TestRunner", "UnityEngine.TestRunner.csproj", "{6BBC1F07-AAE3-3C84-D349-FA122E8EF27E}"
EndProject
Project("{FAE04EC0-301F-11D3-BF4B-00C04F79EFBC}") = "Unity.Mathematics", "Unity.Mathematics.csproj", "{61246617-A926-B1A0-618D-59FD43720E1C}"
EndProject
Project("{FAE04EC0-301F-11D3-BF4B-00C04F79EFBC}") = "Unity.2D.Animation.Triangle.Runtime", "Unity.2D.Animation.Triangle.Runtime.csproj", "{41C32112-840A-6937-B194-1313F849DA69}"
EndProject
Project("{FAE04EC0-301F-11D3-BF4B-00C04F79EFBC}") = "Unity.Timeline", "Unity.Timeline.csproj", "{C6562647-7AE5-98C2-433B-63172D736C2B}"
EndProject
Project("{FAE04EC0-301F-11D3-BF4B-00C04F79EFBC}") = "Unity.TextMeshPro", "Unity.TextMeshPro.csproj", "{6AE5C8AB-9D1D-384F-59C2-30E1673CB1AC}"
EndProject
Project("{FAE04EC0-301F-11D3-BF4B-00C04F79EFBC}") = "Unity.2D.Animation.Runtime", "Unity.2D.Animation.Runtime.csproj", "{04DF3F3D-7FAF-CD67-1767-889E566B9AD5}"
EndProject
Project("{FAE04EC0-301F-11D3-BF4B-00C04F79EFBC}") = "Assembly-CSharp", "Assembly-CSharp.csproj", "{39BEAC8F-C64B-DE38-E302-56CF48842200}"
EndProject
Project("{FAE04EC0-301F-11D3-BF4B-00C04F79EFBC}") = "Unity.2D.IK.Runtime", "Unity.2D.IK.Runtime.csproj", "{678D697A-34BB-468B-BFC8-471C5D3243F4}"
EndProject
Project("{FAE04EC0-301F-11D3-BF4B-00C04F79EFBC}") = "Unity.2D.SpriteShape.Runtime", "Unity.2D.SpriteShape.Runtime.csproj", "{67192994-669E-4781-794B-198ADB74DCEB}"
EndProject
Project("{FAE04EC0-301F-11D3-BF4B-00C04F79EFBC}") = "Unity.2D.PixelPerfect", "Unity.2D.PixelPerfect.csproj", "{C7712D15-ACF1-4785-4E93-F5F178EEFD42}"
EndProject
Project("{FAE04EC0-301F-11D3-BF4B-00C04F79EFBC}") = "Assembly-CSharp-firstpass", "Assembly-CSharp-firstpass.csproj", "{A32997B6-501E-7DB6-23D7-8E3B4814D649}"
EndProject
Project("{FAE04EC0-301F-11D3-BF4B-00C04F79EFBC}") = "Unity.2D.Common.Runtime", "Unity.2D.Common.Runtime.csproj", "{0A4918C0-0AE9-867E-AAAB-3DB6F28EE1C8}"
EndProject
Project("{FAE04EC0-301F-11D3-BF4B-00C04F79EFBC}") = "Unity.InternalAPIEngineBridge.001", "Unity.InternalAPIEngineBridge.001.csproj", "{DAF6906F-D83B-F65E-D4AF-CC44505977A2}"
EndProject
Project("{FAE04EC0-301F-11D3-BF4B-00C04F79EFBC}") = "UnityEditor.TestRunner", "UnityEditor.TestRunner.csproj", "{D2838C14-F50A-5532-F9EF-DD1093106AF5}"
EndProject
Project("{FAE04EC0-301F-11D3-BF4B-00C04F79EFBC}") = "Unity.PlasticSCM.Editor", "Unity.PlasticSCM.Editor.csproj", "{7F80587F-56B2-F8F0-AC4F-FAD6B7FD52AC}"
EndProject
Project("{FAE04EC0-301F-11D3-BF4B-00C04F79EFBC}") = "UnityEditor.UI", "UnityEditor.UI.csproj", "{0077718C-8D89-4767-3DA2-5791D240F796}"
EndProject
Project("{FAE04EC0-301F-11D3-BF4B-00C04F79EFBC}") = "Unity.Timeline.Editor", "Unity.Timeline.Editor.csproj", "{97AB801B-E179-E7AB-07D5-0EA2F224E13F}"
EndProject
Project("{FAE04EC0-301F-11D3-BF4B-00C04F79EFBC}") = "Unity.VisualStudio.Editor", "Unity.VisualStudio.Editor.csproj", "{B1B68C3A-1E4F-C12C-71DF-B7736E85538D}"
EndProject
Project("{FAE04EC0-301F-11D3-BF4B-00C04F79EFBC}") = "Unity.2D.Psdimporter.Editor", "Unity.2D.Psdimporter.Editor.csproj", "{2C2D21EB-98E6-D396-2C4C-7BEED1868B9D}"
EndProject
Project("{FAE04EC0-301F-11D3-BF4B-00C04F79EFBC}") = "Unity.2D.Animation.Editor", "Unity.2D.Animation.Editor.csproj", "{D47CEF1C-79F4-888E-A589-B283C163B090}"
EndProject
Project("{FAE04EC0-301F-11D3-BF4B-00C04F79EFBC}") = "Unity.TextMeshPro.Editor", "Unity.TextMeshPro.Editor.csproj", "{11880A4F-6589-FAD5-F749-47099B07501E}"
EndProject
Project("{FAE04EC0-301F-11D3-BF4B-00C04F79EFBC}") = "Unity.2D.SpriteShape.Editor", "Unity.2D.SpriteShape.Editor.csproj", "{4E6E2A3B-FE86-45C9-0B79-D4D6FB172BAC}"
EndProject
Project("{FAE04EC0-301F-11D3-BF4B-00C04F79EFBC}") = "Unity.CollabProxy.Editor", "Unity.CollabProxy.Editor.csproj", "{F63BC265-BF67-237B-F227-9CFBA37B91EA}"
EndProject
Project("{FAE04EC0-301F-11D3-BF4B-00C04F79EFBC}") = "PsdPlugin", "PsdPlugin.csproj", "{CE0C75EA-65A9-5F6A-74FA-8A36BF36C3B1}"
EndProject
Project("{FAE04EC0-301F-11D3-BF4B-00C04F79EFBC}") = "Unity.2D.Path.Editor", "Unity.2D.Path.Editor.csproj", "{DF7904CE-7CA7-E3E0-DE30-FC4B50069E3D}"
EndProject
Project("{FAE04EC0-301F-11D3-BF4B-00C04F79EFBC}") = "Unity.Rider.Editor", "Unity.Rider.Editor.csproj", "{34D9F1D7-D1B5-514B-7B1C-C5CEB0092919}"
EndProject
Project("{FAE04EC0-301F-11D3-BF4B-00C04F79EFBC}") = "Unity.2D.IK.Editor", "Unity.2D.IK.Editor.csproj", "{1B9BCB52-7A1A-8A41-16C7-30A503C1F935}"
EndProject
Project("{FAE04EC0-301F-11D3-BF4B-00C04F79EFBC}") = "Unity.2D.Sprite.Editor", "Unity.2D.Sprite.Editor.csproj", "{4CC3FC12-706F-4B5B-E285-EC6A54FCA6CE}"
EndProject
Project("{FAE04EC0-301F-11D3-BF4B-00C04F79EFBC}") = "Unity.2D.Tilemap.Editor", "Unity.2D.Tilemap.Editor.csproj", "{AB84F3D0-381C-B2F9-FC4E-5A75AD628436}"
EndProject
Project("{FAE04EC0-301F-11D3-BF4B-00C04F79EFBC}") = "Unity.2D.PixelPerfect.Editor", "Unity.2D.PixelPerfect.Editor.csproj", "{6129F20F-0B24-BDF8-CC61-8FEB0A603C82}"
EndProject
Project("{FAE04EC0-301F-11D3-BF4B-00C04F79EFBC}") = "Unity.VSCode.Editor", "Unity.VSCode.Editor.csproj", "{9609776B-006B-DA87-FF65-DCC803038C79}"
EndProject
Project("{FAE04EC0-301F-11D3-BF4B-00C04F79EFBC}") = "Unity.2D.Common.Editor", "Unity.2D.Common.Editor.csproj", "{EF0546EB-DDB3-22C3-EDE4-7BDB6C19E8F2}"
EndProject
Project("{FAE04EC0-301F-11D3-BF4B-00C04F79EFBC}") = "Unity.Mathematics.Editor", "Unity.Mathematics.Editor.csproj", "{AB1C8B13-CFF2-4DBD-D4B9-07E7A6AB52A3}"
EndProject
Project("{FAE04EC0-301F-11D3-BF4B-00C04F79EFBC}") = "Unity.InternalAPIEditorBridge.001", "Unity.InternalAPIEditorBridge.001.csproj", "{4D20E445-A16C-6C22-0CBC-9ABE65DAF105}"
EndProject
Project("{FAE04EC0-301F-11D3-BF4B-00C04F79EFBC}") = "UnityEngine.UI.Player", "UnityEngine.UI.Player.csproj", "{E6C44E77-6625-9144-4224-7462A1F33E6B}"
EndProject
Project("{FAE04EC0-301F-11D3-BF4B-00C04F79EFBC}") = "UnityEngine.TestRunner.Player", "UnityEngine.TestRunner.Player.csproj", "{B2DE3429-263E-C5A4-51EA-AE75FD274AEA}"
EndProject
Project("{FAE04EC0-301F-11D3-BF4B-00C04F79EFBC}") = "Unity.Mathematics.Player", "Unity.Mathematics.Player.csproj", "{0C2524BD-5B98-C01C-F39D-1A80EFD6D327}"
EndProject
Project("{FAE04EC0-301F-11D3-BF4B-00C04F79EFBC}") = "Unity.2D.Animation.Triangle.Runtime.Player", "Unity.2D.Animation.Triangle.Runtime.Player.csproj", "{0BFBD377-7230-BD46-C327-E26C1E45233E}"
EndProject
Project("{FAE04EC0-301F-11D3-BF4B-00C04F79EFBC}") = "Unity.Timeline.Player", "Unity.Timeline.Player.csproj", "{0BD02E28-4846-F244-ADE8-72D66767D917}"
EndProject
Project("{FAE04EC0-301F-11D3-BF4B-00C04F79EFBC}") = "Unity.TextMeshPro.Player", "Unity.TextMeshPro.Player.csproj", "{984761FD-116C-3060-A07E-3B97124A2223}"
EndProject
Project("{FAE04EC0-301F-11D3-BF4B-00C04F79EFBC}") = "Unity.2D.Animation.Runtime.Player", "Unity.2D.Animation.Runtime.Player.csproj", "{AE60B774-373B-D139-B8AA-6C455D04B4FF}"
EndProject
Project("{FAE04EC0-301F-11D3-BF4B-00C04F79EFBC}") = "Assembly-CSharp.Player", "Assembly-CSharp.Player.csproj", "{CBF2EE75-9036-6B13-87D9-0CA670839F04}"
EndProject
Project("{FAE04EC0-301F-11D3-BF4B-00C04F79EFBC}") = "Unity.2D.IK.Runtime.Player", "Unity.2D.IK.Runtime.Player.csproj", "{2C7F0DF1-A0C3-C9C7-6E1B-DDD5CC26A207}"
EndProject
Project("{FAE04EC0-301F-11D3-BF4B-00C04F79EFBC}") = "Unity.2D.SpriteShape.Runtime.Player", "Unity.2D.SpriteShape.Runtime.Player.csproj", "{0D8CE9B7-20B5-A7DD-4D93-9A9D4643576B}"
EndProject
Project("{FAE04EC0-301F-11D3-BF4B-00C04F79EFBC}") = "Unity.2D.PixelPerfect.Player", "Unity.2D.PixelPerfect.Player.csproj", "{37D8CEDE-A7D4-B21F-5347-4FE2442E7944}"
EndProject
Project("{FAE04EC0-301F-11D3-BF4B-00C04F79EFBC}") = "Assembly-CSharp-firstpass.Player", "Assembly-CSharp-firstpass.Player.csproj", "{70624FC9-9125-1A65-A0F5-03BE2F80FBA2}"
EndProject
Project("{FAE04EC0-301F-11D3-BF4B-00C04F79EFBC}") = "Unity.2D.Common.Runtime.Player", "Unity.2D.Common.Runtime.Player.csproj", "{457344C4-11F5-427F-6A02-FDBD927AA1FD}"
EndProject
Project("{FAE04EC0-301F-11D3-BF4B-00C04F79EFBC}") = "Unity.InternalAPIEngineBridge.001.Player", "Unity.InternalAPIEngineBridge.001.Player.csproj", "{7096D121-7FC1-EE36-FB18-5E04B59DB3D9}"
EndProject
Global
	GlobalSection(SolutionConfigurationPlatforms) = preSolution
		Debug|Any CPU = Debug|Any CPU
		Release|Any CPU = Release|Any CPU
	EndGlobalSection
	GlobalSection(ProjectConfigurationPlatforms) = postSolution
		{81FF6F42-1764-8573-6F2E-B8A3F649C3CF}.Debug|Any CPU.ActiveCfg = Debug|Any CPU
		{81FF6F42-1764-8573-6F2E-B8A3F649C3CF}.Debug|Any CPU.Build.0 = Debug|Any CPU
		{81FF6F42-1764-8573-6F2E-B8A3F649C3CF}.Release|Any CPU.ActiveCfg = Release|Any CPU
		{81FF6F42-1764-8573-6F2E-B8A3F649C3CF}.Release|Any CPU.Build.0 = Release|Any CPU
		{6BBC1F07-AAE3-3C84-D349-FA122E8EF27E}.Debug|Any CPU.ActiveCfg = Debug|Any CPU
		{6BBC1F07-AAE3-3C84-D349-FA122E8EF27E}.Debug|Any CPU.Build.0 = Debug|Any CPU
		{6BBC1F07-AAE3-3C84-D349-FA122E8EF27E}.Release|Any CPU.ActiveCfg = Release|Any CPU
		{6BBC1F07-AAE3-3C84-D349-FA122E8EF27E}.Release|Any CPU.Build.0 = Release|Any CPU
		{61246617-A926-B1A0-618D-59FD43720E1C}.Debug|Any CPU.ActiveCfg = Debug|Any CPU
		{61246617-A926-B1A0-618D-59FD43720E1C}.Debug|Any CPU.Build.0 = Debug|Any CPU
		{61246617-A926-B1A0-618D-59FD43720E1C}.Release|Any CPU.ActiveCfg = Release|Any CPU
		{61246617-A926-B1A0-618D-59FD43720E1C}.Release|Any CPU.Build.0 = Release|Any CPU
		{41C32112-840A-6937-B194-1313F849DA69}.Debug|Any CPU.ActiveCfg = Debug|Any CPU
		{41C32112-840A-6937-B194-1313F849DA69}.Debug|Any CPU.Build.0 = Debug|Any CPU
		{41C32112-840A-6937-B194-1313F849DA69}.Release|Any CPU.ActiveCfg = Release|Any CPU
		{41C32112-840A-6937-B194-1313F849DA69}.Release|Any CPU.Build.0 = Release|Any CPU
		{C6562647-7AE5-98C2-433B-63172D736C2B}.Debug|Any CPU.ActiveCfg = Debug|Any CPU
		{C6562647-7AE5-98C2-433B-63172D736C2B}.Debug|Any CPU.Build.0 = Debug|Any CPU
		{C6562647-7AE5-98C2-433B-63172D736C2B}.Release|Any CPU.ActiveCfg = Release|Any CPU
		{C6562647-7AE5-98C2-433B-63172D736C2B}.Release|Any CPU.Build.0 = Release|Any CPU
		{6AE5C8AB-9D1D-384F-59C2-30E1673CB1AC}.Debug|Any CPU.ActiveCfg = Debug|Any CPU
		{6AE5C8AB-9D1D-384F-59C2-30E1673CB1AC}.Debug|Any CPU.Build.0 = Debug|Any CPU
		{6AE5C8AB-9D1D-384F-59C2-30E1673CB1AC}.Release|Any CPU.ActiveCfg = Release|Any CPU
		{6AE5C8AB-9D1D-384F-59C2-30E1673CB1AC}.Release|Any CPU.Build.0 = Release|Any CPU
		{04DF3F3D-7FAF-CD67-1767-889E566B9AD5}.Debug|Any CPU.ActiveCfg = Debug|Any CPU
		{04DF3F3D-7FAF-CD67-1767-889E566B9AD5}.Debug|Any CPU.Build.0 = Debug|Any CPU
		{04DF3F3D-7FAF-CD67-1767-889E566B9AD5}.Release|Any CPU.ActiveCfg = Release|Any CPU
		{04DF3F3D-7FAF-CD67-1767-889E566B9AD5}.Release|Any CPU.Build.0 = Release|Any CPU
		{39BEAC8F-C64B-DE38-E302-56CF48842200}.Debug|Any CPU.ActiveCfg = Debug|Any CPU
		{39BEAC8F-C64B-DE38-E302-56CF48842200}.Debug|Any CPU.Build.0 = Debug|Any CPU
		{39BEAC8F-C64B-DE38-E302-56CF48842200}.Release|Any CPU.ActiveCfg = Release|Any CPU
		{39BEAC8F-C64B-DE38-E302-56CF48842200}.Release|Any CPU.Build.0 = Release|Any CPU
		{678D697A-34BB-468B-BFC8-471C5D3243F4}.Debug|Any CPU.ActiveCfg = Debug|Any CPU
		{678D697A-34BB-468B-BFC8-471C5D3243F4}.Debug|Any CPU.Build.0 = Debug|Any CPU
		{678D697A-34BB-468B-BFC8-471C5D3243F4}.Release|Any CPU.ActiveCfg = Release|Any CPU
		{678D697A-34BB-468B-BFC8-471C5D3243F4}.Release|Any CPU.Build.0 = Release|Any CPU
		{67192994-669E-4781-794B-198ADB74DCEB}.Debug|Any CPU.ActiveCfg = Debug|Any CPU
		{67192994-669E-4781-794B-198ADB74DCEB}.Debug|Any CPU.Build.0 = Debug|Any CPU
		{67192994-669E-4781-794B-198ADB74DCEB}.Release|Any CPU.ActiveCfg = Release|Any CPU
		{67192994-669E-4781-794B-198ADB74DCEB}.Release|Any CPU.Build.0 = Release|Any CPU
		{C7712D15-ACF1-4785-4E93-F5F178EEFD42}.Debug|Any CPU.ActiveCfg = Debug|Any CPU
		{C7712D15-ACF1-4785-4E93-F5F178EEFD42}.Debug|Any CPU.Build.0 = Debug|Any CPU
		{C7712D15-ACF1-4785-4E93-F5F178EEFD42}.Release|Any CPU.ActiveCfg = Release|Any CPU
		{C7712D15-ACF1-4785-4E93-F5F178EEFD42}.Release|Any CPU.Build.0 = Release|Any CPU
		{A32997B6-501E-7DB6-23D7-8E3B4814D649}.Debug|Any CPU.ActiveCfg = Debug|Any CPU
		{A32997B6-501E-7DB6-23D7-8E3B4814D649}.Debug|Any CPU.Build.0 = Debug|Any CPU
		{A32997B6-501E-7DB6-23D7-8E3B4814D649}.Release|Any CPU.ActiveCfg = Release|Any CPU
		{A32997B6-501E-7DB6-23D7-8E3B4814D649}.Release|Any CPU.Build.0 = Release|Any CPU
		{0A4918C0-0AE9-867E-AAAB-3DB6F28EE1C8}.Debug|Any CPU.ActiveCfg = Debug|Any CPU
		{0A4918C0-0AE9-867E-AAAB-3DB6F28EE1C8}.Debug|Any CPU.Build.0 = Debug|Any CPU
		{0A4918C0-0AE9-867E-AAAB-3DB6F28EE1C8}.Release|Any CPU.ActiveCfg = Release|Any CPU
		{0A4918C0-0AE9-867E-AAAB-3DB6F28EE1C8}.Release|Any CPU.Build.0 = Release|Any CPU
		{DAF6906F-D83B-F65E-D4AF-CC44505977A2}.Debug|Any CPU.ActiveCfg = Debug|Any CPU
		{DAF6906F-D83B-F65E-D4AF-CC44505977A2}.Debug|Any CPU.Build.0 = Debug|Any CPU
		{DAF6906F-D83B-F65E-D4AF-CC44505977A2}.Release|Any CPU.ActiveCfg = Release|Any CPU
		{DAF6906F-D83B-F65E-D4AF-CC44505977A2}.Release|Any CPU.Build.0 = Release|Any CPU
		{D2838C14-F50A-5532-F9EF-DD1093106AF5}.Debug|Any CPU.ActiveCfg = Debug|Any CPU
		{D2838C14-F50A-5532-F9EF-DD1093106AF5}.Debug|Any CPU.Build.0 = Debug|Any CPU
		{D2838C14-F50A-5532-F9EF-DD1093106AF5}.Release|Any CPU.ActiveCfg = Release|Any CPU
		{D2838C14-F50A-5532-F9EF-DD1093106AF5}.Release|Any CPU.Build.0 = Release|Any CPU
		{7F80587F-56B2-F8F0-AC4F-FAD6B7FD52AC}.Debug|Any CPU.ActiveCfg = Debug|Any CPU
		{7F80587F-56B2-F8F0-AC4F-FAD6B7FD52AC}.Debug|Any CPU.Build.0 = Debug|Any CPU
		{7F80587F-56B2-F8F0-AC4F-FAD6B7FD52AC}.Release|Any CPU.ActiveCfg = Release|Any CPU
		{7F80587F-56B2-F8F0-AC4F-FAD6B7FD52AC}.Release|Any CPU.Build.0 = Release|Any CPU
		{0077718C-8D89-4767-3DA2-5791D240F796}.Debug|Any CPU.ActiveCfg = Debug|Any CPU
		{0077718C-8D89-4767-3DA2-5791D240F796}.Debug|Any CPU.Build.0 = Debug|Any CPU
		{0077718C-8D89-4767-3DA2-5791D240F796}.Release|Any CPU.ActiveCfg = Release|Any CPU
		{0077718C-8D89-4767-3DA2-5791D240F796}.Release|Any CPU.Build.0 = Release|Any CPU
		{97AB801B-E179-E7AB-07D5-0EA2F224E13F}.Debug|Any CPU.ActiveCfg = Debug|Any CPU
		{97AB801B-E179-E7AB-07D5-0EA2F224E13F}.Debug|Any CPU.Build.0 = Debug|Any CPU
		{97AB801B-E179-E7AB-07D5-0EA2F224E13F}.Release|Any CPU.ActiveCfg = Release|Any CPU
		{97AB801B-E179-E7AB-07D5-0EA2F224E13F}.Release|Any CPU.Build.0 = Release|Any CPU
		{B1B68C3A-1E4F-C12C-71DF-B7736E85538D}.Debug|Any CPU.ActiveCfg = Debug|Any CPU
		{B1B68C3A-1E4F-C12C-71DF-B7736E85538D}.Debug|Any CPU.Build.0 = Debug|Any CPU
		{B1B68C3A-1E4F-C12C-71DF-B7736E85538D}.Release|Any CPU.ActiveCfg = Release|Any CPU
		{B1B68C3A-1E4F-C12C-71DF-B7736E85538D}.Release|Any CPU.Build.0 = Release|Any CPU
		{2C2D21EB-98E6-D396-2C4C-7BEED1868B9D}.Debug|Any CPU.ActiveCfg = Debug|Any CPU
		{2C2D21EB-98E6-D396-2C4C-7BEED1868B9D}.Debug|Any CPU.Build.0 = Debug|Any CPU
		{2C2D21EB-98E6-D396-2C4C-7BEED1868B9D}.Release|Any CPU.ActiveCfg = Release|Any CPU
		{2C2D21EB-98E6-D396-2C4C-7BEED1868B9D}.Release|Any CPU.Build.0 = Release|Any CPU
		{D47CEF1C-79F4-888E-A589-B283C163B090}.Debug|Any CPU.ActiveCfg = Debug|Any CPU
		{D47CEF1C-79F4-888E-A589-B283C163B090}.Debug|Any CPU.Build.0 = Debug|Any CPU
		{D47CEF1C-79F4-888E-A589-B283C163B090}.Release|Any CPU.ActiveCfg = Release|Any CPU
		{D47CEF1C-79F4-888E-A589-B283C163B090}.Release|Any CPU.Build.0 = Release|Any CPU
		{11880A4F-6589-FAD5-F749-47099B07501E}.Debug|Any CPU.ActiveCfg = Debug|Any CPU
		{11880A4F-6589-FAD5-F749-47099B07501E}.Debug|Any CPU.Build.0 = Debug|Any CPU
		{11880A4F-6589-FAD5-F749-47099B07501E}.Release|Any CPU.ActiveCfg = Release|Any CPU
		{11880A4F-6589-FAD5-F749-47099B07501E}.Release|Any CPU.Build.0 = Release|Any CPU
		{4E6E2A3B-FE86-45C9-0B79-D4D6FB172BAC}.Debug|Any CPU.ActiveCfg = Debug|Any CPU
		{4E6E2A3B-FE86-45C9-0B79-D4D6FB172BAC}.Debug|Any CPU.Build.0 = Debug|Any CPU
		{4E6E2A3B-FE86-45C9-0B79-D4D6FB172BAC}.Release|Any CPU.ActiveCfg = Release|Any CPU
		{4E6E2A3B-FE86-45C9-0B79-D4D6FB172BAC}.Release|Any CPU.Build.0 = Release|Any CPU
		{F63BC265-BF67-237B-F227-9CFBA37B91EA}.Debug|Any CPU.ActiveCfg = Debug|Any CPU
		{F63BC265-BF67-237B-F227-9CFBA37B91EA}.Debug|Any CPU.Build.0 = Debug|Any CPU
		{F63BC265-BF67-237B-F227-9CFBA37B91EA}.Release|Any CPU.ActiveCfg = Release|Any CPU
		{F63BC265-BF67-237B-F227-9CFBA37B91EA}.Release|Any CPU.Build.0 = Release|Any CPU
		{CE0C75EA-65A9-5F6A-74FA-8A36BF36C3B1}.Debug|Any CPU.ActiveCfg = Debug|Any CPU
		{CE0C75EA-65A9-5F6A-74FA-8A36BF36C3B1}.Debug|Any CPU.Build.0 = Debug|Any CPU
		{CE0C75EA-65A9-5F6A-74FA-8A36BF36C3B1}.Release|Any CPU.ActiveCfg = Release|Any CPU
		{CE0C75EA-65A9-5F6A-74FA-8A36BF36C3B1}.Release|Any CPU.Build.0 = Release|Any CPU
		{DF7904CE-7CA7-E3E0-DE30-FC4B50069E3D}.Debug|Any CPU.ActiveCfg = Debug|Any CPU
		{DF7904CE-7CA7-E3E0-DE30-FC4B50069E3D}.Debug|Any CPU.Build.0 = Debug|Any CPU
		{DF7904CE-7CA7-E3E0-DE30-FC4B50069E3D}.Release|Any CPU.ActiveCfg = Release|Any CPU
		{DF7904CE-7CA7-E3E0-DE30-FC4B50069E3D}.Release|Any CPU.Build.0 = Release|Any CPU
		{34D9F1D7-D1B5-514B-7B1C-C5CEB0092919}.Debug|Any CPU.ActiveCfg = Debug|Any CPU
		{34D9F1D7-D1B5-514B-7B1C-C5CEB0092919}.Debug|Any CPU.Build.0 = Debug|Any CPU
		{34D9F1D7-D1B5-514B-7B1C-C5CEB0092919}.Release|Any CPU.ActiveCfg = Release|Any CPU
		{34D9F1D7-D1B5-514B-7B1C-C5CEB0092919}.Release|Any CPU.Build.0 = Release|Any CPU
		{1B9BCB52-7A1A-8A41-16C7-30A503C1F935}.Debug|Any CPU.ActiveCfg = Debug|Any CPU
		{1B9BCB52-7A1A-8A41-16C7-30A503C1F935}.Debug|Any CPU.Build.0 = Debug|Any CPU
		{1B9BCB52-7A1A-8A41-16C7-30A503C1F935}.Release|Any CPU.ActiveCfg = Release|Any CPU
		{1B9BCB52-7A1A-8A41-16C7-30A503C1F935}.Release|Any CPU.Build.0 = Release|Any CPU
		{4CC3FC12-706F-4B5B-E285-EC6A54FCA6CE}.Debug|Any CPU.ActiveCfg = Debug|Any CPU
		{4CC3FC12-706F-4B5B-E285-EC6A54FCA6CE}.Debug|Any CPU.Build.0 = Debug|Any CPU
		{4CC3FC12-706F-4B5B-E285-EC6A54FCA6CE}.Release|Any CPU.ActiveCfg = Release|Any CPU
		{4CC3FC12-706F-4B5B-E285-EC6A54FCA6CE}.Release|Any CPU.Build.0 = Release|Any CPU
		{AB84F3D0-381C-B2F9-FC4E-5A75AD628436}.Debug|Any CPU.ActiveCfg = Debug|Any CPU
		{AB84F3D0-381C-B2F9-FC4E-5A75AD628436}.Debug|Any CPU.Build.0 = Debug|Any CPU
		{AB84F3D0-381C-B2F9-FC4E-5A75AD628436}.Release|Any CPU.ActiveCfg = Release|Any CPU
		{AB84F3D0-381C-B2F9-FC4E-5A75AD628436}.Release|Any CPU.Build.0 = Release|Any CPU
		{6129F20F-0B24-BDF8-CC61-8FEB0A603C82}.Debug|Any CPU.ActiveCfg = Debug|Any CPU
		{6129F20F-0B24-BDF8-CC61-8FEB0A603C82}.Debug|Any CPU.Build.0 = Debug|Any CPU
		{6129F20F-0B24-BDF8-CC61-8FEB0A603C82}.Release|Any CPU.ActiveCfg = Release|Any CPU
		{6129F20F-0B24-BDF8-CC61-8FEB0A603C82}.Release|Any CPU.Build.0 = Release|Any CPU
		{9609776B-006B-DA87-FF65-DCC803038C79}.Debug|Any CPU.ActiveCfg = Debug|Any CPU
		{9609776B-006B-DA87-FF65-DCC803038C79}.Debug|Any CPU.Build.0 = Debug|Any CPU
		{9609776B-006B-DA87-FF65-DCC803038C79}.Release|Any CPU.ActiveCfg = Release|Any CPU
		{9609776B-006B-DA87-FF65-DCC803038C79}.Release|Any CPU.Build.0 = Release|Any CPU
		{EF0546EB-DDB3-22C3-EDE4-7BDB6C19E8F2}.Debug|Any CPU.ActiveCfg = Debug|Any CPU
		{EF0546EB-DDB3-22C3-EDE4-7BDB6C19E8F2}.Debug|Any CPU.Build.0 = Debug|Any CPU
		{EF0546EB-DDB3-22C3-EDE4-7BDB6C19E8F2}.Release|Any CPU.ActiveCfg = Release|Any CPU
		{EF0546EB-DDB3-22C3-EDE4-7BDB6C19E8F2}.Release|Any CPU.Build.0 = Release|Any CPU
		{AB1C8B13-CFF2-4DBD-D4B9-07E7A6AB52A3}.Debug|Any CPU.ActiveCfg = Debug|Any CPU
		{AB1C8B13-CFF2-4DBD-D4B9-07E7A6AB52A3}.Debug|Any CPU.Build.0 = Debug|Any CPU
		{AB1C8B13-CFF2-4DBD-D4B9-07E7A6AB52A3}.Release|Any CPU.ActiveCfg = Release|Any CPU
		{AB1C8B13-CFF2-4DBD-D4B9-07E7A6AB52A3}.Release|Any CPU.Build.0 = Release|Any CPU
		{4D20E445-A16C-6C22-0CBC-9ABE65DAF105}.Debug|Any CPU.ActiveCfg = Debug|Any CPU
		{4D20E445-A16C-6C22-0CBC-9ABE65DAF105}.Debug|Any CPU.Build.0 = Debug|Any CPU
		{4D20E445-A16C-6C22-0CBC-9ABE65DAF105}.Release|Any CPU.ActiveCfg = Release|Any CPU
		{4D20E445-A16C-6C22-0CBC-9ABE65DAF105}.Release|Any CPU.Build.0 = Release|Any CPU
		{E6C44E77-6625-9144-4224-7462A1F33E6B}.Debug|Any CPU.ActiveCfg = Debug|Any CPU
		{E6C44E77-6625-9144-4224-7462A1F33E6B}.Debug|Any CPU.Build.0 = Debug|Any CPU
		{E6C44E77-6625-9144-4224-7462A1F33E6B}.Release|Any CPU.ActiveCfg = Release|Any CPU
		{E6C44E77-6625-9144-4224-7462A1F33E6B}.Release|Any CPU.Build.0 = Release|Any CPU
		{B2DE3429-263E-C5A4-51EA-AE75FD274AEA}.Debug|Any CPU.ActiveCfg = Debug|Any CPU
		{B2DE3429-263E-C5A4-51EA-AE75FD274AEA}.Debug|Any CPU.Build.0 = Debug|Any CPU
		{B2DE3429-263E-C5A4-51EA-AE75FD274AEA}.Release|Any CPU.ActiveCfg = Release|Any CPU
		{B2DE3429-263E-C5A4-51EA-AE75FD274AEA}.Release|Any CPU.Build.0 = Release|Any CPU
		{0C2524BD-5B98-C01C-F39D-1A80EFD6D327}.Debug|Any CPU.ActiveCfg = Debug|Any CPU
		{0C2524BD-5B98-C01C-F39D-1A80EFD6D327}.Debug|Any CPU.Build.0 = Debug|Any CPU
		{0C2524BD-5B98-C01C-F39D-1A80EFD6D327}.Release|Any CPU.ActiveCfg = Release|Any CPU
		{0C2524BD-5B98-C01C-F39D-1A80EFD6D327}.Release|Any CPU.Build.0 = Release|Any CPU
		{0BFBD377-7230-BD46-C327-E26C1E45233E}.Debug|Any CPU.ActiveCfg = Debug|Any CPU
		{0BFBD377-7230-BD46-C327-E26C1E45233E}.Debug|Any CPU.Build.0 = Debug|Any CPU
		{0BFBD377-7230-BD46-C327-E26C1E45233E}.Release|Any CPU.ActiveCfg = Release|Any CPU
		{0BFBD377-7230-BD46-C327-E26C1E45233E}.Release|Any CPU.Build.0 = Release|Any CPU
		{0BD02E28-4846-F244-ADE8-72D66767D917}.Debug|Any CPU.ActiveCfg = Debug|Any CPU
		{0BD02E28-4846-F244-ADE8-72D66767D917}.Debug|Any CPU.Build.0 = Debug|Any CPU
		{0BD02E28-4846-F244-ADE8-72D66767D917}.Release|Any CPU.ActiveCfg = Release|Any CPU
		{0BD02E28-4846-F244-ADE8-72D66767D917}.Release|Any CPU.Build.0 = Release|Any CPU
		{984761FD-116C-3060-A07E-3B97124A2223}.Debug|Any CPU.ActiveCfg = Debug|Any CPU
		{984761FD-116C-3060-A07E-3B97124A2223}.Debug|Any CPU.Build.0 = Debug|Any CPU
		{984761FD-116C-3060-A07E-3B97124A2223}.Release|Any CPU.ActiveCfg = Release|Any CPU
		{984761FD-116C-3060-A07E-3B97124A2223}.Release|Any CPU.Build.0 = Release|Any CPU
		{AE60B774-373B-D139-B8AA-6C455D04B4FF}.Debug|Any CPU.ActiveCfg = Debug|Any CPU
		{AE60B774-373B-D139-B8AA-6C455D04B4FF}.Debug|Any CPU.Build.0 = Debug|Any CPU
		{AE60B774-373B-D139-B8AA-6C455D04B4FF}.Release|Any CPU.ActiveCfg = Release|Any CPU
		{AE60B774-373B-D139-B8AA-6C455D04B4FF}.Release|Any CPU.Build.0 = Release|Any CPU
		{CBF2EE75-9036-6B13-87D9-0CA670839F04}.Debug|Any CPU.ActiveCfg = Debug|Any CPU
		{CBF2EE75-9036-6B13-87D9-0CA670839F04}.Debug|Any CPU.Build.0 = Debug|Any CPU
		{CBF2EE75-9036-6B13-87D9-0CA670839F04}.Release|Any CPU.ActiveCfg = Release|Any CPU
		{CBF2EE75-9036-6B13-87D9-0CA670839F04}.Release|Any CPU.Build.0 = Release|Any CPU
		{2C7F0DF1-A0C3-C9C7-6E1B-DDD5CC26A207}.Debug|Any CPU.ActiveCfg = Debug|Any CPU
		{2C7F0DF1-A0C3-C9C7-6E1B-DDD5CC26A207}.Debug|Any CPU.Build.0 = Debug|Any CPU
		{2C7F0DF1-A0C3-C9C7-6E1B-DDD5CC26A207}.Release|Any CPU.ActiveCfg = Release|Any CPU
		{2C7F0DF1-A0C3-C9C7-6E1B-DDD5CC26A207}.Release|Any CPU.Build.0 = Release|Any CPU
		{0D8CE9B7-20B5-A7DD-4D93-9A9D4643576B}.Debug|Any CPU.ActiveCfg = Debug|Any CPU
		{0D8CE9B7-20B5-A7DD-4D93-9A9D4643576B}.Debug|Any CPU.Build.0 = Debug|Any CPU
		{0D8CE9B7-20B5-A7DD-4D93-9A9D4643576B}.Release|Any CPU.ActiveCfg = Release|Any CPU
		{0D8CE9B7-20B5-A7DD-4D93-9A9D4643576B}.Release|Any CPU.Build.0 = Release|Any CPU
		{37D8CEDE-A7D4-B21F-5347-4FE2442E7944}.Debug|Any CPU.ActiveCfg = Debug|Any CPU
		{37D8CEDE-A7D4-B21F-5347-4FE2442E7944}.Debug|Any CPU.Build.0 = Debug|Any CPU
		{37D8CEDE-A7D4-B21F-5347-4FE2442E7944}.Release|Any CPU.ActiveCfg = Release|Any CPU
		{37D8CEDE-A7D4-B21F-5347-4FE2442E7944}.Release|Any CPU.Build.0 = Release|Any CPU
		{70624FC9-9125-1A65-A0F5-03BE2F80FBA2}.Debug|Any CPU.ActiveCfg = Debug|Any CPU
		{70624FC9-9125-1A65-A0F5-03BE2F80FBA2}.Debug|Any CPU.Build.0 = Debug|Any CPU
		{70624FC9-9125-1A65-A0F5-03BE2F80FBA2}.Release|Any CPU.ActiveCfg = Release|Any CPU
		{70624FC9-9125-1A65-A0F5-03BE2F80FBA2}.Release|Any CPU.Build.0 = Release|Any CPU
		{457344C4-11F5-427F-6A02-FDBD927AA1FD}.Debug|Any CPU.ActiveCfg = Debug|Any CPU
		{457344C4-11F5-427F-6A02-FDBD927AA1FD}.Debug|Any CPU.Build.0 = Debug|Any CPU
		{457344C4-11F5-427F-6A02-FDBD927AA1FD}.Release|Any CPU.ActiveCfg = Release|Any CPU
		{457344C4-11F5-427F-6A02-FDBD927AA1FD}.Release|Any CPU.Build.0 = Release|Any CPU
		{7096D121-7FC1-EE36-FB18-5E04B59DB3D9}.Debug|Any CPU.ActiveCfg = Debug|Any CPU
		{7096D121-7FC1-EE36-FB18-5E04B59DB3D9}.Debug|Any CPU.Build.0 = Debug|Any CPU
		{7096D121-7FC1-EE36-FB18-5E04B59DB3D9}.Release|Any CPU.ActiveCfg = Release|Any CPU
		{7096D121-7FC1-EE36-FB18-5E04B59DB3D9}.Release|Any CPU.Build.0 = Release|Any CPU
	EndGlobalSection
	GlobalSection(SolutionProperties) = preSolution
		HideSolutionNode = FALSE
	EndGlobalSection
EndGlobal
